
Microsoft Visual Studio Solution File, Format Version 12.00
# Visual Studio 15
VisualStudioVersion = 15.0.27004.2010
MinimumVisualStudioVersion = 10.0.40219.1
Project("{FAE04EC0-301F-11D3-BF4B-00C04F79EFBC}") = "RealTime", "RealTime\RealTime.csproj", "{CA1A7BFD-61BE-417B-B4D7-4B86E1F12DB2}"
EndProject
Project("{FAE04EC0-301F-11D3-BF4B-00C04F79EFBC}") = "RealTime.Tests", "RealTime.Tests\RealTime.Tests.csproj", "{D38B7C2F-0CFB-4396-81CA-41839859B9C1}"
EndProject
Project("{FAE04EC0-301F-11D3-BF4B-00C04F79EFBC}") = "SampleApp", "SampleApp\SampleApp.csproj", "{B5044044-3EB3-49C9-957A-189347D1A622}"
EndProject
Global
	GlobalSection(SolutionConfigurationPlatforms) = preSolution
		Debug|Any CPU = Debug|Any CPU
		Release|Any CPU = Release|Any CPU
	EndGlobalSection
	GlobalSection(ProjectConfigurationPlatforms) = postSolution
		{CA1A7BFD-61BE-417B-B4D7-4B86E1F12DB2}.Debug|Any CPU.ActiveCfg = Debug|Any CPU
		{CA1A7BFD-61BE-417B-B4D7-4B86E1F12DB2}.Debug|Any CPU.Build.0 = Debug|Any CPU
		{CA1A7BFD-61BE-417B-B4D7-4B86E1F12DB2}.Release|Any CPU.ActiveCfg = Release|Any CPU
		{CA1A7BFD-61BE-417B-B4D7-4B86E1F12DB2}.Release|Any CPU.Build.0 = Release|Any CPU
		{D38B7C2F-0CFB-4396-81CA-41839859B9C1}.Debug|Any CPU.ActiveCfg = Debug|Any CPU
		{D38B7C2F-0CFB-4396-81CA-41839859B9C1}.Debug|Any CPU.Build.0 = Debug|Any CPU
		{D38B7C2F-0CFB-4396-81CA-41839859B9C1}.Release|Any CPU.ActiveCfg = Release|Any CPU
		{D38B7C2F-0CFB-4396-81CA-41839859B9C1}.Release|Any CPU.Build.0 = Release|Any CPU
		{B5044044-3EB3-49C9-957A-189347D1A622}.Debug|Any CPU.ActiveCfg = Debug|Any CPU
		{B5044044-3EB3-49C9-957A-189347D1A622}.Debug|Any CPU.Build.0 = Debug|Any CPU
		{B5044044-3EB3-49C9-957A-189347D1A622}.Release|Any CPU.ActiveCfg = Release|Any CPU
		{B5044044-3EB3-49C9-957A-189347D1A622}.Release|Any CPU.Build.0 = Release|Any CPU
	EndGlobalSection
	GlobalSection(SolutionProperties) = preSolution
		HideSolutionNode = FALSE
	EndGlobalSection
	GlobalSection(ExtensibilityGlobals) = postSolution
		SolutionGuid = {70968351-E627-4682-B2C8-1DEC61992D90}
	EndGlobalSection
EndGlobal
